Microsoft Visual Studio Solution File, Format Version 12.00
# Visual Studio 2012
Project("{FAE04EC0-301F-11D3-BF4B-00C04F79EFBC}") = "PR_GGJ2024", "PR_GGJ2024.csproj", "{92B52932-65C6-41F8-B2B0-6158DFA9E40D}"
EndProject
Global
	GlobalSection(SolutionConfigurationPlatforms) = preSolution
	Debug|Any CPU = Debug|Any CPU
	ExportDebug|Any CPU = ExportDebug|Any CPU
	ExportRelease|Any CPU = ExportRelease|Any CPU
	EndGlobalSection
	GlobalSection(ProjectConfigurationPlatforms) = postSolution
		{92B52932-65C6-41F8-B2B0-6158DFA9E40D}.Debug|Any CPU.ActiveCfg = Debug|Any CPU
		{92B52932-65C6-41F8-B2B0-6158DFA9E40D}.Debug|Any CPU.Build.0 = Debug|Any CPU
		{92B52932-65C6-41F8-B2B0-6158DFA9E40D}.ExportDebug|Any CPU.ActiveCfg = ExportDebug|Any CPU
		{92B52932-65C6-41F8-B2B0-6158DFA9E40D}.ExportDebug|Any CPU.Build.0 = ExportDebug|Any CPU
		{92B52932-65C6-41F8-B2B0-6158DFA9E40D}.ExportRelease|Any CPU.ActiveCfg = ExportRelease|Any CPU
		{92B52932-65C6-41F8-B2B0-6158DFA9E40D}.ExportRelease|Any CPU.Build.0 = ExportRelease|Any CPU
	EndGlobalSection
EndGlobal
